// !$*UTF8*$!
{
	archiveVersion = 1;
	classes = {
	};
	objectVersion = 56;
	objects = {

/* Begin PBXBuildFile section */
		980B72252CD37A7E0042B717 /* UIViewController+Extension.swift in Sources */ = {isa = PBXBuildFile; fileRef = 980B72242CD37A7E0042B717 /* UIViewController+Extension.swift */; };
		980DF0A62CB42D6100CE612B /* TransactionDetailViewController.swift in Sources */ = {isa = PBXBuildFile; fileRef = 980DF0A52CB42D6100CE612B /* TransactionDetailViewController.swift */; };
		980DF0AA2CB959F400CE612B /* VCAssembler.swift in Sources */ = {isa = PBXBuildFile; fileRef = 980DF0A92CB959F400CE612B /* VCAssembler.swift */; };
		9846B4B32CAAF7810098A2D3 /* UITextField+Extension.swift in Sources */ = {isa = PBXBuildFile; fileRef = 9846B4B22CAAF7810098A2D3 /* UITextField+Extension.swift */; };
		9846B4B52CAC07300098A2D3 /* CustomTransactionCell.swift in Sources */ = {isa = PBXBuildFile; fileRef = 9846B4B42CAC07300098A2D3 /* CustomTransactionCell.swift */; };
		9846B4B72CAD4C4F0098A2D3 /* TransactionSwitData.swift in Sources */ = {isa = PBXBuildFile; fileRef = 9846B4B62CAD4C4F0098A2D3 /* TransactionSwitData.swift */; };
		9846B4BA2CAD558B0098A2D3 /* TransactionMapper.swift in Sources */ = {isa = PBXBuildFile; fileRef = 9846B4B92CAD558B0098A2D3 /* TransactionMapper.swift */; };
		9846B4BC2CAE8B2B0098A2D3 /* TransactionDatabaseManagerProtocol.swift in Sources */ = {isa = PBXBuildFile; fileRef = 9846B4BB2CAE8B2B0098A2D3 /* TransactionDatabaseManagerProtocol.swift */; };
		9859A7F52C99D51A0056F5FD /* NewTransactionViewController.swift in Sources */ = {isa = PBXBuildFile; fileRef = 9859A7F42C99D51A0056F5FD /* NewTransactionViewController.swift */; };
		9859A7F72C99D55D0056F5FD /* Transaction.swift in Sources */ = {isa = PBXBuildFile; fileRef = 9859A7F62C99D55D0056F5FD /* Transaction.swift */; };
		9859A7F92C99D57D0056F5FD /* TransactionSwiftDataManager.swift in Sources */ = {isa = PBXBuildFile; fileRef = 9859A7F82C99D57D0056F5FD /* TransactionSwiftDataManager.swift */; };
		9859A7FB2C99D59C0056F5FD /* ViewModel.swift in Sources */ = {isa = PBXBuildFile; fileRef = 9859A7FA2C99D59C0056F5FD /* ViewModel.swift */; };
		9859A7FF2CA14F7F0056F5FD /* BalanceViewController.swift in Sources */ = {isa = PBXBuildFile; fileRef = 9859A7FE2CA14F7F0056F5FD /* BalanceViewController.swift */; };
		9859A8022CA28D650056F5FD /* UIView+Extension.swift in Sources */ = {isa = PBXBuildFile; fileRef = 9859A8012CA28D650056F5FD /* UIView+Extension.swift */; };
		988705892CC100C4003655EC /* EditTransactionViewController.swift in Sources */ = {isa = PBXBuildFile; fileRef = 988705882CC100C4003655EC /* EditTransactionViewController.swift */; };
		988DCEE52CD21A3E005FC47D /* AppError.swift in Sources */ = {isa = PBXBuildFile; fileRef = 988DCEE42CD21A3E005FC47D /* AppError.swift */; };
		98E455E82C85A1250033AE0D /* AppDelegate.swift in Sources */ = {isa = PBXBuildFile; fileRef = 98E455E72C85A1250033AE0D /* AppDelegate.swift */; };
		98E455EA2C85A1250033AE0D /* SceneDelegate.swift in Sources */ = {isa = PBXBuildFile; fileRef = 98E455E92C85A1250033AE0D /* SceneDelegate.swift */; };
		98E455EC2C85A1250033AE0D /* MainViewController.swift in Sources */ = {isa = PBXBuildFile; fileRef = 98E455EB2C85A1250033AE0D /* MainViewController.swift */; };
		98E455EF2C85A1250033AE0D /* Main.storyboard in Resources */ = {isa = PBXBuildFile; fileRef = 98E455ED2C85A1250033AE0D /* Main.storyboard */; };
		98E455F12C85A1280033AE0D /* Assets.xcassets in Resources */ = {isa = PBXBuildFile; fileRef = 98E455F02C85A1280033AE0D /* Assets.xcassets */; };
		98E455F42C85A1280033AE0D /* LaunchScreen.storyboard in Resources */ = {isa = PBXBuildFile; fileRef = 98E455F22C85A1280033AE0D /* LaunchScreen.storyboard */; };
		98EE4A7C2CC67565005E3E86 /* EditTransactionViewControllerDelegate.swift in Sources */ = {isa = PBXBuildFile; fileRef = 98EE4A7B2CC67565005E3E86 /* EditTransactionViewControllerDelegate.swift */; };
/* End PBXBuildFile section */

/* Begin PBXFileReference section */
		980B72242CD37A7E0042B717 /* UIViewController+Extension.swift */ = {isa = PBXFileReference; lastKnownFileType = sourcecode.swift; path = "UIViewController+Extension.swift"; sourceTree = "<group>"; };
		980DF0A52CB42D6100CE612B /* TransactionDetailViewController.swift */ = {isa = PBXFileReference; lastKnownFileType = sourcecode.swift; path = TransactionDetailViewController.swift; sourceTree = "<group>"; };
		980DF0A92CB959F400CE612B /* VCAssembler.swift */ = {isa = PBXFileReference; lastKnownFileType = sourcecode.swift; path = VCAssembler.swift; sourceTree = "<group>"; };
		9846B4B22CAAF7810098A2D3 /* UITextField+Extension.swift */ = {isa = PBXFileReference; lastKnownFileType = sourcecode.swift; path = "UITextField+Extension.swift"; sourceTree = "<group>"; };
		9846B4B42CAC07300098A2D3 /* CustomTransactionCell.swift */ = {isa = PBXFileReference; lastKnownFileType = sourcecode.swift; path = CustomTransactionCell.swift; sourceTree = "<group>"; };
		9846B4B62CAD4C4F0098A2D3 /* TransactionSwitData.swift */ = {isa = PBXFileReference; lastKnownFileType = sourcecode.swift; path = TransactionSwitData.swift; sourceTree = "<group>"; };
		9846B4B92CAD558B0098A2D3 /* TransactionMapper.swift */ = {isa = PBXFileReference; lastKnownFileType = sourcecode.swift; path = TransactionMapper.swift; sourceTree = "<group>"; };
		9846B4BB2CAE8B2B0098A2D3 /* TransactionDatabaseManagerProtocol.swift */ = {isa = PBXFileReference; lastKnownFileType = sourcecode.swift; path = TransactionDatabaseManagerProtocol.swift; sourceTree = "<group>"; };
		9859A7F42C99D51A0056F5FD /* NewTransactionViewController.swift */ = {isa = PBXFileReference; lastKnownFileType = sourcecode.swift; path = NewTransactionViewController.swift; sourceTree = "<group>"; };
		9859A7F62C99D55D0056F5FD /* Transaction.swift */ = {isa = PBXFileReference; lastKnownFileType = sourcecode.swift; path = Transaction.swift; sourceTree = "<group>"; };
		9859A7F82C99D57D0056F5FD /* TransactionSwiftDataManager.swift */ = {isa = PBXFileReference; lastKnownFileType = sourcecode.swift; path = TransactionSwiftDataManager.swift; sourceTree = "<group>"; };
		9859A7FA2C99D59C0056F5FD /* ViewModel.swift */ = {isa = PBXFileReference; lastKnownFileType = sourcecode.swift; path = ViewModel.swift; sourceTree = "<group>"; };
		9859A7FE2CA14F7F0056F5FD /* BalanceViewController.swift */ = {isa = PBXFileReference; lastKnownFileType = sourcecode.swift; path = BalanceViewController.swift; sourceTree = "<group>"; };
		9859A8012CA28D650056F5FD /* UIView+Extension.swift */ = {isa = PBXFileReference; lastKnownFileType = sourcecode.swift; path = "UIView+Extension.swift"; sourceTree = "<group>"; };
		988705882CC100C4003655EC /* EditTransactionViewController.swift */ = {isa = PBXFileReference; lastKnownFileType = sourcecode.swift; path = EditTransactionViewController.swift; sourceTree = "<group>"; };
		988DCEE42CD21A3E005FC47D /* AppError.swift */ = {isa = PBXFileReference; lastKnownFileType = sourcecode.swift; path = AppError.swift; sourceTree = "<group>"; };
		98E455E42C85A1250033AE0D /* Moneta.app */ = {isa = PBXFileReference; explicitFileType = wrapper.application; includeInIndex = 0; path = Moneta.app; sourceTree = BUILT_PRODUCTS_DIR; };
		98E455E72C85A1250033AE0D /* AppDelegate.swift */ = {isa = PBXFileReference; lastKnownFileType = sourcecode.swift; path = AppDelegate.swift; sourceTree = "<group>"; };
		98E455E92C85A1250033AE0D /* SceneDelegate.swift */ = {isa = PBXFileReference; lastKnownFileType = sourcecode.swift; path = SceneDelegate.swift; sourceTree = "<group>"; };
		98E455EB2C85A1250033AE0D /* MainViewController.swift */ = {isa = PBXFileReference; lastKnownFileType = sourcecode.swift; path = MainViewController.swift; sourceTree = "<group>"; };
		98E455EE2C85A1250033AE0D /* Base */ = {isa = PBXFileReference; lastKnownFileType = file.storyboard; name = Base; path = Base.lproj/Main.storyboard; sourceTree = "<group>"; };
		98E455F02C85A1280033AE0D /* Assets.xcassets */ = {isa = PBXFileReference; lastKnownFileType = folder.assetcatalog; path = Assets.xcassets; sourceTree = "<group>"; };
		98E455F32C85A1280033AE0D /* Base */ = {isa = PBXFileReference; lastKnownFileType = file.storyboard; name = Base; path = Base.lproj/LaunchScreen.storyboard; sourceTree = "<group>"; };
		98E455F52C85A1280033AE0D /* Info.plist */ = {isa = PBXFileReference; lastKnownFileType = text.plist.xml; path = Info.plist; sourceTree = "<group>"; };
		98EE4A7B2CC67565005E3E86 /* EditTransactionViewControllerDelegate.swift */ = {isa = PBXFileReference; lastKnownFileType = sourcecode.swift; path = EditTransactionViewControllerDelegate.swift; sourceTree = "<group>"; };
/* End PBXFileReference section */

/* Begin PBXFrameworksBuildPhase section */
		98E455E12C85A1250033AE0D /* Frameworks */ = {
			isa = PBXFrameworksBuildPhase;
			buildActionMask = 2147483647;
			files = (
			);
			runOnlyForDeploymentPostprocessing = 0;
		};
/* End PBXFrameworksBuildPhase section */

/* Begin PBXGroup section */
		980DF0A72CB959CB00CE612B /* Composition */ = {
			isa = PBXGroup;
			children = (
				980DF0A82CB959EA00CE612B /* Assemblers */,
			);
			path = Composition;
			sourceTree = "<group>";
		};
		980DF0A82CB959EA00CE612B /* Assemblers */ = {
			isa = PBXGroup;
			children = (
				980DF0A92CB959F400CE612B /* VCAssembler.swift */,
			);
			path = Assemblers;
			sourceTree = "<group>";
		};
		9846B4B82CAD4E960098A2D3 /* Data */ = {
			isa = PBXGroup;
			children = (
				9846B4B62CAD4C4F0098A2D3 /* TransactionSwitData.swift */,
				9859A7F82C99D57D0056F5FD /* TransactionSwiftDataManager.swift */,
				9846B4B92CAD558B0098A2D3 /* TransactionMapper.swift */,
			);
			path = Data;
			sourceTree = "<group>";
		};
		9846B4BD2CAE8B770098A2D3 /* Domain */ = {
			isa = PBXGroup;
			children = (
				98EE4A7B2CC67565005E3E86 /* EditTransactionViewControllerDelegate.swift */,
				9859A7FA2C99D59C0056F5FD /* ViewModel.swift */,
				9859A7F62C99D55D0056F5FD /* Transaction.swift */,
				988DCEE42CD21A3E005FC47D /* AppError.swift */,
			);
			path = Domain;
			sourceTree = "<group>";
		};
		9859A7F32C99D4EB0056F5FD /* Views */ = {
			isa = PBXGroup;
			children = (
				98E455EB2C85A1250033AE0D /* MainViewController.swift */,
				9859A7F42C99D51A0056F5FD /* NewTransactionViewController.swift */,
				9859A7FE2CA14F7F0056F5FD /* BalanceViewController.swift */,
				980DF0A52CB42D6100CE612B /* TransactionDetailViewController.swift */,
				988705882CC100C4003655EC /* EditTransactionViewController.swift */,
			);
			path = Views;
			sourceTree = "<group>";
		};
		9859A8002CA28D490056F5FD /* Extensions */ = {
			isa = PBXGroup;
			children = (
				980B72242CD37A7E0042B717 /* UIViewController+Extension.swift */,
				9859A8012CA28D650056F5FD /* UIView+Extension.swift */,
				9846B4B22CAAF7810098A2D3 /* UITextField+Extension.swift */,
				9846B4B42CAC07300098A2D3 /* CustomTransactionCell.swift */,
			);
			path = Extensions;
			sourceTree = "<group>";
		};
		98E455DB2C85A1250033AE0D = {
			isa = PBXGroup;
			children = (
				98E455E62C85A1250033AE0D /* Moneta */,
				98E455E52C85A1250033AE0D /* Products */,
			);
			sourceTree = "<group>";
		};
		98E455E52C85A1250033AE0D /* Products */ = {
			isa = PBXGroup;
			children = (
				98E455E42C85A1250033AE0D /* Moneta.app */,
			);
			name = Products;
			sourceTree = "<group>";
		};
		98E455E62C85A1250033AE0D /* Moneta */ = {
			isa = PBXGroup;
			children = (
				980DF0A72CB959CB00CE612B /* Composition */,
				9846B4BB2CAE8B2B0098A2D3 /* TransactionDatabaseManagerProtocol.swift */,
				9846B4B82CAD4E960098A2D3 /* Data */,
				9846B4BD2CAE8B770098A2D3 /* Domain */,
				9859A7F32C99D4EB0056F5FD /* Views */,
				9859A8002CA28D490056F5FD /* Extensions */,
				98E455E92C85A1250033AE0D /* SceneDelegate.swift */,
				98E455E72C85A1250033AE0D /* AppDelegate.swift */,
				98E455ED2C85A1250033AE0D /* Main.storyboard */,
				98E455F02C85A1280033AE0D /* Assets.xcassets */,
				98E455F22C85A1280033AE0D /* LaunchScreen.storyboard */,
				98E455F52C85A1280033AE0D /* Info.plist */,
			);
			path = Moneta;
			sourceTree = "<group>";
		};
/* End PBXGroup section */

/* Begin PBXNativeTarget section */
		98E455E32C85A1250033AE0D /* Moneta */ = {
			isa = PBXNativeTarget;
			buildConfigurationList = 98E455F82C85A1280033AE0D /* Build configuration list for PBXNativeTarget "Moneta" */;
			buildPhases = (
				98062FB12C98513E00E0A729 /* ShellScript */,
				98E455E02C85A1250033AE0D /* Sources */,
				98E455E12C85A1250033AE0D /* Frameworks */,
				98E455E22C85A1250033AE0D /* Resources */,
			);
			buildRules = (
			);
			dependencies = (
			);
			name = Moneta;
			productName = Moneta;
			productReference = 98E455E42C85A1250033AE0D /* Moneta.app */;
			productType = "com.apple.product-type.application";
		};
/* End PBXNativeTarget section */

/* Begin PBXProject section */
		98E455DC2C85A1250033AE0D /* Project object */ = {
			isa = PBXProject;
			attributes = {
				BuildIndependentTargetsInParallel = 1;
				LastSwiftUpdateCheck = 1520;
				LastUpgradeCheck = 1520;
				TargetAttributes = {
					98E455E32C85A1250033AE0D = {
						CreatedOnToolsVersion = 15.2;
					};
				};
			};
			buildConfigurationList = 98E455DF2C85A1250033AE0D /* Build configuration list for PBXProject "Moneta" */;
			compatibilityVersion = "Xcode 14.0";
			developmentRegion = en;
			hasScannedForEncodings = 0;
			knownRegions = (
				en,
				Base,
			);
			mainGroup = 98E455DB2C85A1250033AE0D;
			productRefGroup = 98E455E52C85A1250033AE0D /* Products */;
			projectDirPath = "";
			projectRoot = "";
			targets = (
				98E455E32C85A1250033AE0D /* Moneta */,
			);
		};
/* End PBXProject section */

/* Begin PBXResourcesBuildPhase section */
		98E455E22C85A1250033AE0D /* Resources */ = {
			isa = PBXResourcesBuildPhase;
			buildActionMask = 2147483647;
			files = (
				98E455F42C85A1280033AE0D /* LaunchScreen.storyboard in Resources */,
				98E455F12C85A1280033AE0D /* Assets.xcassets in Resources */,
				98E455EF2C85A1250033AE0D /* Main.storyboard in Resources */,
			);
			runOnlyForDeploymentPostprocessing = 0;
		};
/* End PBXResourcesBuildPhase section */

/* Begin PBXShellScriptBuildPhase section */
		98062FB12C98513E00E0A729 /* ShellScript */ = {
			isa = PBXShellScriptBuildPhase;
			buildActionMask = 2147483647;
			files = (
			);
			inputFileListPaths = (
			);
			inputPaths = (
			);
			outputFileListPaths = (
			);
			outputPaths = (
				"${SRCROOT}/ScriptOutputs/space_cleanup.txt",
			);
			runOnlyForDeploymentPostprocessing = 0;
			shellPath = /bin/sh;
			shellScript = "# Type a script or drag a script file from your workspace to insert its path.\nfind \"${SRCROOT}\" -name \"*.swift\" -print0 | xargs -0 perl -pi -e 's/\\xC2\\xA0/ /g'\n";
		};
/* End PBXShellScriptBuildPhase section */

/* Begin PBXSourcesBuildPhase section */
		98E455E02C85A1250033AE0D /* Sources */ = {
			isa = PBXSourcesBuildPhase;
			buildActionMask = 2147483647;
			files = (
				9846B4BA2CAD558B0098A2D3 /* TransactionMapper.swift in Sources */,
				980DF0A62CB42D6100CE612B /* TransactionDetailViewController.swift in Sources */,
				988DCEE52CD21A3E005FC47D /* AppError.swift in Sources */,
				9859A7F72C99D55D0056F5FD /* Transaction.swift in Sources */,
				9859A7F52C99D51A0056F5FD /* NewTransactionViewController.swift in Sources */,
				9859A7F92C99D57D0056F5FD /* TransactionSwiftDataManager.swift in Sources */,
				9846B4B72CAD4C4F0098A2D3 /* TransactionSwitData.swift in Sources */,
				98E455EC2C85A1250033AE0D /* MainViewController.swift in Sources */,
				980B72252CD37A7E0042B717 /* UIViewController+Extension.swift in Sources */,
				98E455E82C85A1250033AE0D /* AppDelegate.swift in Sources */,
				9846B4B32CAAF7810098A2D3 /* UITextField+Extension.swift in Sources */,
				98E455EA2C85A1250033AE0D /* SceneDelegate.swift in Sources */,
				9859A7FF2CA14F7F0056F5FD /* BalanceViewController.swift in Sources */,
				9859A8022CA28D650056F5FD /* UIView+Extension.swift in Sources */,
				988705892CC100C4003655EC /* EditTransactionViewController.swift in Sources */,
				980DF0AA2CB959F400CE612B /* VCAssembler.swift in Sources */,
				9846B4BC2CAE8B2B0098A2D3 /* TransactionDatabaseManagerProtocol.swift in Sources */,
				9846B4B52CAC07300098A2D3 /* CustomTransactionCell.swift in Sources */,
				98EE4A7C2CC67565005E3E86 /* EditTransactionViewControllerDelegate.swift in Sources */,
				9859A7FB2C99D59C0056F5FD /* ViewModel.swift in Sources */,
			);
			runOnlyForDeploymentPostprocessing = 0;
		};
/* End PBXSourcesBuildPhase section */

/* Begin PBXVariantGroup section */
		98E455ED2C85A1250033AE0D /* Main.storyboard */ = {
			isa = PBXVariantGroup;
			children = (
				98E455EE2C85A1250033AE0D /* Base */,
			);
			name = Main.storyboard;
			sourceTree = "<group>";
		};
		98E455F22C85A1280033AE0D /* LaunchScreen.storyboard */ = {
			isa = PBXVariantGroup;
			children = (
				98E455F32C85A1280033AE0D /* Base */,
			);
			name = LaunchScreen.storyboard;
			sourceTree = "<group>";
		};
/* End PBXVariantGroup section */

/* Begin XCBuildConfiguration section */
		98E455F62C85A1280033AE0D /* Debug */ = {
			isa = XCBuildConfiguration;
			buildSettings = {
				ALWAYS_SEARCH_USER_PATHS = NO;
				ASSETCATALOG_COMPILER_GENERATE_SWIFT_ASSET_SYMBOL_EXTENSIONS = YES;
				CLANG_ANALYZER_NONNULL = YES;
				CLANG_ANALYZER_NUMBER_OBJECT_CONVERSION = YES_AGGRESSIVE;
				CLANG_CXX_LANGUAGE_STANDARD = "gnu++20";
				CLANG_ENABLE_MODULES = YES;
				CLANG_ENABLE_OBJC_ARC = YES;
				CLANG_ENABLE_OBJC_WEAK = YES;
				CLANG_WARN_BLOCK_CAPTURE_AUTORELEASING = YES;
				CLANG_WARN_BOOL_CONVERSION = YES;
				CLANG_WARN_COMMA = YES;
				CLANG_WARN_CONSTANT_CONVERSION = YES;
				CLANG_WARN_DEPRECATED_OBJC_IMPLEMENTATIONS = YES;
				CLANG_WARN_DIRECT_OBJC_ISA_USAGE = YES_ERROR;
				CLANG_WARN_DOCUMENTATION_COMMENTS = YES;
				CLANG_WARN_EMPTY_BODY = YES;
				CLANG_WARN_ENUM_CONVERSION = YES;
				CLANG_WARN_INFINITE_RECURSION = YES;
				CLANG_WARN_INT_CONVERSION = YES;
				CLANG_WARN_NON_LITERAL_NULL_CONVERSION = YES;
				CLANG_WARN_OBJC_IMPLICIT_RETAIN_SELF = YES;
				CLANG_WARN_OBJC_LITERAL_CONVERSION = YES;
				CLANG_WARN_OBJC_ROOT_CLASS = YES_ERROR;
				CLANG_WARN_QUOTED_INCLUDE_IN_FRAMEWORK_HEADER = YES;
				CLANG_WARN_RANGE_LOOP_ANALYSIS = YES;
				CLANG_WARN_STRICT_PROTOTYPES = YES;
				CLANG_WARN_SUSPICIOUS_MOVE = YES;
				CLANG_WARN_UNGUARDED_AVAILABILITY = YES_AGGRESSIVE;
				CLANG_WARN_UNREACHABLE_CODE = YES;
				CLANG_WARN__DUPLICATE_METHOD_MATCH = YES;
				COPY_PHASE_STRIP = NO;
				DEBUG_INFORMATION_FORMAT = dwarf;
				ENABLE_STRICT_OBJC_MSGSEND = YES;
				ENABLE_TESTABILITY = YES;
				ENABLE_USER_SCRIPT_SANDBOXING = YES;
				GCC_C_LANGUAGE_STANDARD = gnu17;
				GCC_DYNAMIC_NO_PIC = NO;
				GCC_NO_COMMON_BLOCKS = YES;
				GCC_OPTIMIZATION_LEVEL = 0;
				GCC_PREPROCESSOR_DEFINITIONS = (
					"DEBUG=1",
					"$(inherited)",
				);
				GCC_WARN_64_TO_32_BIT_CONVERSION = YES;
				GCC_WARN_ABOUT_RETURN_TYPE = YES_ERROR;
				GCC_WARN_UNDECLARED_SELECTOR = YES;
				GCC_WARN_UNINITIALIZED_AUTOS = YES_AGGRESSIVE;
				GCC_WARN_UNUSED_FUNCTION = YES;
				GCC_WARN_UNUSED_VARIABLE = YES;
				IPHONEOS_DEPLOYMENT_TARGET = 17.2;
				LOCALIZATION_PREFERS_STRING_CATALOGS = YES;
				MTL_ENABLE_DEBUG_INFO = INCLUDE_SOURCE;
				MTL_FAST_MATH = YES;
				ONLY_ACTIVE_ARCH = YES;
				SDKROOT = iphoneos;
				SWIFT_ACTIVE_COMPILATION_CONDITIONS = "DEBUG $(inherited)";
				SWIFT_OPTIMIZATION_LEVEL = "-Onone";
			};
			name = Debug;
		};
		98E455F72C85A1280033AE0D /* Release */ = {
			isa = XCBuildConfiguration;
			buildSettings = {
				ALWAYS_SEARCH_USER_PATHS = NO;
				ASSETCATALOG_COMPILER_GENERATE_SWIFT_ASSET_SYMBOL_EXTENSIONS = YES;
				CLANG_ANALYZER_NONNULL = YES;
				CLANG_ANALYZER_NUMBER_OBJECT_CONVERSION = YES_AGGRESSIVE;
				CLANG_CXX_LANGUAGE_STANDARD = "gnu++20";
				CLANG_ENABLE_MODULES = YES;
				CLANG_ENABLE_OBJC_ARC = YES;
				CLANG_ENABLE_OBJC_WEAK = YES;
				CLANG_WARN_BLOCK_CAPTURE_AUTORELEASING = YES;
				CLANG_WARN_BOOL_CONVERSION = YES;
				CLANG_WARN_COMMA = YES;
				CLANG_WARN_CONSTANT_CONVERSION = YES;
				CLANG_WARN_DEPRECATED_OBJC_IMPLEMENTATIONS = YES;
				CLANG_WARN_DIRECT_OBJC_ISA_USAGE = YES_ERROR;
				CLANG_WARN_DOCUMENTATION_COMMENTS = YES;
				CLANG_WARN_EMPTY_BODY = YES;
				CLANG_WARN_ENUM_CONVERSION = YES;
				CLANG_WARN_INFINITE_RECURSION = YES;
				CLANG_WARN_INT_CONVERSION = YES;
				CLANG_WARN_NON_LITERAL_NULL_CONVERSION = YES;
				CLANG_WARN_OBJC_IMPLICIT_RETAIN_SELF = YES;
				CLANG_WARN_OBJC_LITERAL_CONVERSION = YES;
				CLANG_WARN_OBJC_ROOT_CLASS = YES_ERROR;
				CLANG_WARN_QUOTED_INCLUDE_IN_FRAMEWORK_HEADER = YES;
				CLANG_WARN_RANGE_LOOP_ANALYSIS = YES;
				CLANG_WARN_STRICT_PROTOTYPES = YES;
				CLANG_WARN_SUSPICIOUS_MOVE = YES;
				CLANG_WARN_UNGUARDED_AVAILABILITY = YES_AGGRESSIVE;
				CLANG_WARN_UNREACHABLE_CODE = YES;
				CLANG_WARN__DUPLICATE_METHOD_MATCH = YES;
				COPY_PHASE_STRIP = NO;
				DEBUG_INFORMATION_FORMAT = "dwarf-with-dsym";
				ENABLE_NS_ASSERTIONS = NO;
				ENABLE_STRICT_OBJC_MSGSEND = YES;
				ENABLE_USER_SCRIPT_SANDBOXING = YES;
				GCC_C_LANGUAGE_STANDARD = gnu17;
				GCC_NO_COMMON_BLOCKS = YES;
				GCC_WARN_64_TO_32_BIT_CONVERSION = YES;
				GCC_WARN_ABOUT_RETURN_TYPE = YES_ERROR;
				GCC_WARN_UNDECLARED_SELECTOR = YES;
				GCC_WARN_UNINITIALIZED_AUTOS = YES_AGGRESSIVE;
				GCC_WARN_UNUSED_FUNCTION = YES;
				GCC_WARN_UNUSED_VARIABLE = YES;
				IPHONEOS_DEPLOYMENT_TARGET = 17.2;
				LOCALIZATION_PREFERS_STRING_CATALOGS = YES;
				MTL_ENABLE_DEBUG_INFO = NO;
				MTL_FAST_MATH = YES;
				SDKROOT = iphoneos;
				SWIFT_COMPILATION_MODE = wholemodule;
				VALIDATE_PRODUCT = YES;
			};
			name = Release;
		};
		98E455F92C85A1280033AE0D /* Debug */ = {
			isa = XCBuildConfiguration;
			buildSettings = {
				ASSETCATALOG_COMPILER_APPICON_NAME = AppIcon;
				ASSETCATALOG_COMPILER_GLOBAL_ACCENT_COLOR_NAME = AccentColor;
				CODE_SIGN_STYLE = Automatic;
				CURRENT_PROJECT_VERSION = 1;
				DEVELOPMENT_TEAM = SH64RJU89Y;
				GENERATE_INFOPLIST_FILE = YES;
				INFOPLIST_FILE = Moneta/Info.plist;
				INFOPLIST_KEY_UIApplicationSupportsIndirectInputEvents = YES;
				INFOPLIST_KEY_UILaunchStoryboardName = LaunchScreen;
				INFOPLIST_KEY_UIMainStoryboardFile = Main;
				INFOPLIST_KEY_UISupportedInterfaceOrientations_iPad = "UIInterfaceOrientationPortrait UIInterfaceOrientationPortraitUpsideDown UIInterfaceOrientationLandscapeLeft UIInterfaceOrientationLandscapeRight";
				INFOPLIST_KEY_UISupportedInterfaceOrientations_iPhone = "UIInterfaceOrientationPortrait UIInterfaceOrientationLandscapeLeft UIInterfaceOrientationLandscapeRight";
				LD_RUNPATH_SEARCH_PATHS = (
					"$(inherited)",
					"@executable_path/Frameworks",
				);
				MARKETING_VERSION = 1.0;
				PRODUCT_BUNDLE_IDENTIFIER = com.jcarrasco.Moneta;
				PRODUCT_NAME = "$(TARGET_NAME)";
				SWIFT_EMIT_LOC_STRINGS = YES;
				SWIFT_VERSION = 5.0;
				TARGETED_DEVICE_FAMILY = "1,2";
			};
			name = Debug;
		};
		98E455FA2C85A1280033AE0D /* Release */ = {
			isa = XCBuildConfiguration;
			buildSettings = {
				ASSETCATALOG_COMPILER_APPICON_NAME = AppIcon;
				ASSETCATALOG_COMPILER_GLOBAL_ACCENT_COLOR_NAME = AccentColor;
				CODE_SIGN_STYLE = Automatic;
				CURRENT_PROJECT_VERSION = 1;
				DEVELOPMENT_TEAM = SH64RJU89Y;
				GENERATE_INFOPLIST_FILE = YES;
				INFOPLIST_FILE = Moneta/Info.plist;
				INFOPLIST_KEY_UIApplicationSupportsIndirectInputEvents = YES;
				INFOPLIST_KEY_UILaunchStoryboardName = LaunchScreen;
				INFOPLIST_KEY_UIMainStoryboardFile = Main;
				INFOPLIST_KEY_UISupportedInterfaceOrientations_iPad = "UIInterfaceOrientationPortrait UIInterfaceOrientationPortraitUpsideDown UIInterfaceOrientationLandscapeLeft UIInterfaceOrientationLandscapeRight";
				INFOPLIST_KEY_UISupportedInterfaceOrientations_iPhone = "UIInterfaceOrientationPortrait UIInterfaceOrientationLandscapeLeft UIInterfaceOrientationLandscapeRight";
				LD_RUNPATH_SEARCH_PATHS = (
					"$(inherited)",
					"@executable_path/Frameworks",
				);
				MARKETING_VERSION = 1.0;
				PRODUCT_BUNDLE_IDENTIFIER = com.jcarrasco.Moneta;
				PRODUCT_NAME = "$(TARGET_NAME)";
				SWIFT_EMIT_LOC_STRINGS = YES;
				SWIFT_VERSION = 5.0;
				TARGETED_DEVICE_FAMILY = "1,2";
			};
			name = Release;
		};
/* End XCBuildConfiguration section */

/* Begin XCConfigurationList section */
		98E455DF2C85A1250033AE0D /* Build configuration list for PBXProject "Moneta" */ = {
			isa = XCConfigurationList;
			buildConfigurations = (
				98E455F62C85A1280033AE0D /* Debug */,
				98E455F72C85A1280033AE0D /* Release */,
			);
			defaultConfigurationIsVisible = 0;
			defaultConfigurationName = Release;
		};
		98E455F82C85A1280033AE0D /* Build configuration list for PBXNativeTarget "Moneta" */ = {
			isa = XCConfigurationList;
			buildConfigurations = (
				98E455F92C85A1280033AE0D /* Debug */,
				98E455FA2C85A1280033AE0D /* Release */,
			);
			defaultConfigurationIsVisible = 0;
			defaultConfigurationName = Release;
		};
/* End XCConfigurationList section */
	};
	rootObject = 98E455DC2C85A1250033AE0D /* Project object */;
}
